
Microsoft Visual Studio Solution File, Format Version 12.00
# Visual Studio 15
VisualStudioVersion = 15.0.28010.2036
MinimumVisualStudioVersion = 10.0.40219.1
Project("{FAE04EC0-301F-11D3-BF4B-00C04F79EFBC}") = "PetFinderBackOffice", "PetFinderBackOffice\PetFinderBackOffice.csproj", "{2373335E-BA77-491F-ABCE-A646AD928689}"
EndProject
Global
	GlobalSection(SolutionConfigurationPlatforms) = preSolution
		Debug|Any CPU = Debug|Any CPU
		Release|Any CPU = Release|Any CPU
	EndGlobalSection
	GlobalSection(ProjectConfigurationPlatforms) = postSolution
		{2373335E-BA77-491F-ABCE-A646AD928689}.Debug|Any CPU.ActiveCfg = Debug|Any CPU
		{2373335E-BA77-491F-ABCE-A646AD928689}.Debug|Any CPU.Build.0 = Debug|Any CPU
		{2373335E-BA77-491F-ABCE-A646AD928689}.Release|Any CPU.ActiveCfg = Release|Any CPU
		{2373335E-BA77-491F-ABCE-A646AD928689}.Release|Any CPU.Build.0 = Release|Any CPU
	EndGlobalSection
	GlobalSection(SolutionProperties) = preSolution
		HideSolutionNode = FALSE
	EndGlobalSection
	GlobalSection(ExtensibilityGlobals) = postSolution
		SolutionGuid = {F100F73A-A776-4C4E-A088-0610FB7BD8F8}
	EndGlobalSection
EndGlobal
